
Microsoft Visual Studio Solution File, Format Version 12.00
# Visual Studio 15
VisualStudioVersion = 15.0.28010.2019
MinimumVisualStudioVersion = 10.0.40219.1
Project("{8BC9CEB8-8B4A-11D0-8D11-00A0C91BC942}") = "lab1_razmeri", "lection2\lection2.vcxproj", "{97C8A76E-EBEA-48A1-BCBE-92DA89976325}"
EndProject
Project("{8BC9CEB8-8B4A-11D0-8D11-00A0C91BC942}") = "lab_2_massiv", "lab_2_massiv\lab_2_massiv.vcxproj", "{E67AF880-AC8A-444C-AB06-9EA8BDDB1320}"
EndProject
Project("{8BC9CEB8-8B4A-11D0-8D11-00A0C91BC942}") = "Shifr_Cesara", "Shifr_Cesara\Shifr_Cesara.vcxproj", "{FCBD963D-1B07-4383-A70B-40948D38819D}"
EndProject
Project("{8BC9CEB8-8B4A-11D0-8D11-00A0C91BC942}") = "Puzirek", "Puzirek\Puzirek.vcxproj", "{C198BF4B-F149-404E-909B-AA37CD0CDCA8}"
EndProject
Project("{8BC9CEB8-8B4A-11D0-8D11-00A0C91BC942}") = "lab4", "lab4\lab4.vcxproj", "{63C76233-D202-4B14-97A4-97F50F92F125}"
EndProject
Project("{8BC9CEB8-8B4A-11D0-8D11-00A0C91BC942}") = "lab5_perehodi_i_cicli", "lab5_perehodi_i_cicli\lab5_perehodi_i_cicli.vcxproj", "{A00E5815-404F-44E3-84E5-D7E9A15C0543}"
EndProject
Project("{8BC9CEB8-8B4A-11D0-8D11-00A0C91BC942}") = "Lab2_escape_posl", "Lab2_escape_posl\Lab2_escape_posl.vcxproj", "{5593112A-43DE-4CF4-B065-C9663B6D044D}"
EndProject
Global
	GlobalSection(SolutionConfigurationPlatforms) = preSolution
		Debug|x64 = Debug|x64
		Debug|x86 = Debug|x86
		Release|x64 = Release|x64
		Release|x86 = Release|x86
	EndGlobalSection
	GlobalSection(ProjectConfigurationPlatforms) = postSolution
		{97C8A76E-EBEA-48A1-BCBE-92DA89976325}.Debug|x64.ActiveCfg = Debug|x64
		{97C8A76E-EBEA-48A1-BCBE-92DA89976325}.Debug|x64.Build.0 = Debug|x64
		{97C8A76E-EBEA-48A1-BCBE-92DA89976325}.Debug|x86.ActiveCfg = Debug|Win32
		{97C8A76E-EBEA-48A1-BCBE-92DA89976325}.Debug|x86.Build.0 = Debug|Win32
		{97C8A76E-EBEA-48A1-BCBE-92DA89976325}.Release|x64.ActiveCfg = Release|x64
		{97C8A76E-EBEA-48A1-BCBE-92DA89976325}.Release|x64.Build.0 = Release|x64
		{97C8A76E-EBEA-48A1-BCBE-92DA89976325}.Release|x86.ActiveCfg = Release|Win32
		{97C8A76E-EBEA-48A1-BCBE-92DA89976325}.Release|x86.Build.0 = Release|Win32
		{E67AF880-AC8A-444C-AB06-9EA8BDDB1320}.Debug|x64.ActiveCfg = Debug|x64
		{E67AF880-AC8A-444C-AB06-9EA8BDDB1320}.Debug|x64.Build.0 = Debug|x64
		{E67AF880-AC8A-444C-AB06-9EA8BDDB1320}.Debug|x86.ActiveCfg = Debug|Win32
		{E67AF880-AC8A-444C-AB06-9EA8BDDB1320}.Debug|x86.Build.0 = Debug|Win32
		{E67AF880-AC8A-444C-AB06-9EA8BDDB1320}.Release|x64.ActiveCfg = Release|x64
		{E67AF880-AC8A-444C-AB06-9EA8BDDB1320}.Release|x64.Build.0 = Release|x64
		{E67AF880-AC8A-444C-AB06-9EA8BDDB1320}.Release|x86.ActiveCfg = Release|Win32
		{E67AF880-AC8A-444C-AB06-9EA8BDDB1320}.Release|x86.Build.0 = Release|Win32
		{FCBD963D-1B07-4383-A70B-40948D38819D}.Debug|x64.ActiveCfg = Debug|x64
		{FCBD963D-1B07-4383-A70B-40948D38819D}.Debug|x64.Build.0 = Debug|x64
		{FCBD963D-1B07-4383-A70B-40948D38819D}.Debug|x86.ActiveCfg = Debug|Win32
		{FCBD963D-1B07-4383-A70B-40948D38819D}.Debug|x86.Build.0 = Debug|Win32
		{FCBD963D-1B07-4383-A70B-40948D38819D}.Release|x64.ActiveCfg = Release|x64
		{FCBD963D-1B07-4383-A70B-40948D38819D}.Release|x64.Build.0 = Release|x64
		{FCBD963D-1B07-4383-A70B-40948D38819D}.Release|x86.ActiveCfg = Release|Win32
		{FCBD963D-1B07-4383-A70B-40948D38819D}.Release|x86.Build.0 = Release|Win32
		{C198BF4B-F149-404E-909B-AA37CD0CDCA8}.Debug|x64.ActiveCfg = Debug|x64
		{C198BF4B-F149-404E-909B-AA37CD0CDCA8}.Debug|x64.Build.0 = Debug|x64
		{C198BF4B-F149-404E-909B-AA37CD0CDCA8}.Debug|x86.ActiveCfg = Debug|Win32
		{C198BF4B-F149-404E-909B-AA37CD0CDCA8}.Debug|x86.Build.0 = Debug|Win32
		{C198BF4B-F149-404E-909B-AA37CD0CDCA8}.Release|x64.ActiveCfg = Release|x64
		{C198BF4B-F149-404E-909B-AA37CD0CDCA8}.Release|x64.Build.0 = Release|x64
		{C198BF4B-F149-404E-909B-AA37CD0CDCA8}.Release|x86.ActiveCfg = Release|Win32
		{C198BF4B-F149-404E-909B-AA37CD0CDCA8}.Release|x86.Build.0 = Release|Win32
		{63C76233-D202-4B14-97A4-97F50F92F125}.Debug|x64.ActiveCfg = Debug|x64
		{63C76233-D202-4B14-97A4-97F50F92F125}.Debug|x64.Build.0 = Debug|x64
		{63C76233-D202-4B14-97A4-97F50F92F125}.Debug|x86.ActiveCfg = Debug|Win32
		{63C76233-D202-4B14-97A4-97F50F92F125}.Debug|x86.Build.0 = Debug|Win32
		{63C76233-D202-4B14-97A4-97F50F92F125}.Release|x64.ActiveCfg = Release|x64
		{63C76233-D202-4B14-97A4-97F50F92F125}.Release|x64.Build.0 = Release|x64
		{63C76233-D202-4B14-97A4-97F50F92F125}.Release|x86.ActiveCfg = Release|Win32
		{63C76233-D202-4B14-97A4-97F50F92F125}.Release|x86.Build.0 = Release|Win32
		{A00E5815-404F-44E3-84E5-D7E9A15C0543}.Debug|x64.ActiveCfg = Debug|x64
		{A00E5815-404F-44E3-84E5-D7E9A15C0543}.Debug|x64.Build.0 = Debug|x64
		{A00E5815-404F-44E3-84E5-D7E9A15C0543}.Debug|x86.ActiveCfg = Debug|Win32
		{A00E5815-404F-44E3-84E5-D7E9A15C0543}.Debug|x86.Build.0 = Debug|Win32
		{A00E5815-404F-44E3-84E5-D7E9A15C0543}.Release|x64.ActiveCfg = Release|x64
		{A00E5815-404F-44E3-84E5-D7E9A15C0543}.Release|x64.Build.0 = Release|x64
		{A00E5815-404F-44E3-84E5-D7E9A15C0543}.Release|x86.ActiveCfg = Release|Win32
		{A00E5815-404F-44E3-84E5-D7E9A15C0543}.Release|x86.Build.0 = Release|Win32
		{5593112A-43DE-4CF4-B065-C9663B6D044D}.Debug|x64.ActiveCfg = Debug|x64
		{5593112A-43DE-4CF4-B065-C9663B6D044D}.Debug|x64.Build.0 = Debug|x64
		{5593112A-43DE-4CF4-B065-C9663B6D044D}.Debug|x86.ActiveCfg = Debug|Win32
		{5593112A-43DE-4CF4-B065-C9663B6D044D}.Debug|x86.Build.0 = Debug|Win32
		{5593112A-43DE-4CF4-B065-C9663B6D044D}.Release|x64.ActiveCfg = Release|x64
		{5593112A-43DE-4CF4-B065-C9663B6D044D}.Release|x64.Build.0 = Release|x64
		{5593112A-43DE-4CF4-B065-C9663B6D044D}.Release|x86.ActiveCfg = Release|Win32
		{5593112A-43DE-4CF4-B065-C9663B6D044D}.Release|x86.Build.0 = Release|Win32
	EndGlobalSection
	GlobalSection(SolutionProperties) = preSolution
		HideSolutionNode = FALSE
	EndGlobalSection
	GlobalSection(ExtensibilityGlobals) = postSolution
		SolutionGuid = {C2CD20B5-C8E7-498B-B268-191791A6FE91}
	EndGlobalSection
EndGlobal
